{
  "name": "untitled2",
  "lockfileVersion": 3,
  "requires": true,
  "packages": {
    "": {
      "dependencies": {
        "branch-sdk": "^2.86.3"
      }
    },
    "node_modules/branch-sdk": {
      "version": "2.86.3",
      "resolved": "https://registry.npmjs.org/branch-sdk/-/branch-sdk-2.86.3.tgz",
      "integrity": "sha512-7n69WNpAX8iu+6m/ia5x/n6VOXPcBgQlGWNMFDRGa4PdU5alYKgvSo8L6zIRk3YLpW3HEj2PmrK8IA5E82odLA==",
      "license": "MIT"
    }
  }
}
